
Microsoft Visual Studio Solution File, Format Version 12.00
# Visual Studio Version 17
VisualStudioVersion = 17.5.33502.453
MinimumVisualStudioVersion = 10.0.40219.1
Project("{2150E333-8FDC-42A3-9474-1A3956D46DE8}") = "Internal", "Internal", "{7B09DEE7-482E-4EA9-A8BA-3879161C7FA6}"
	ProjectSection(SolutionItems) = preProject
		Internal\.editorconfig = Internal\.editorconfig
	EndProjectSection
EndProject
Project("{2150E333-8FDC-42A3-9474-1A3956D46DE8}") = "QActions", "QActions", "{CEF17C9A-3BE6-4D1D-977A-FAFF4707A1C7}"
EndProject
Project("{2150E333-8FDC-42A3-9474-1A3956D46DE8}") = "Dlls", "Dlls", "{369E14E8-EEE2-470A-933A-DC21E0D55BFE}"
	ProjectSection(SolutionItems) = preProject
		Dlls\ABOUT.md = Dlls\ABOUT.md
	EndProjectSection
EndProject
Project("{2150E333-8FDC-42A3-9474-1A3956D46DE8}") = "DefaultTemplates", "DefaultTemplates", "{F2683535-3B81-4454-9E99-120E5016BBCE}"
	ProjectSection(SolutionItems) = preProject
		DefaultTemplates\ABOUT.md = DefaultTemplates\ABOUT.md
	EndProjectSection
EndProject
Project("{2150E333-8FDC-42A3-9474-1A3956D46DE8}") = "Documentation", "Documentation", "{9AF053D7-FAF1-4548-A6A2-C7949BA98BE3}"
	ProjectSection(SolutionItems) = preProject
		Documentation\ABOUT.md = Documentation\ABOUT.md
	EndProjectSection
EndProject
Project("{2150E333-8FDC-42A3-9474-1A3956D46DE8}") = "Solution Items", "Solution Items", "{C76DA54D-8C27-4963-8B98-750AD7EAAEE0}"
	ProjectSection(SolutionItems) = preProject
		protocol.xml = protocol.xml
	EndProjectSection
EndProject
Project("{2150E333-8FDC-42A3-9474-1A3956D46DE8}") = "Tests", "Tests", "{DB255F7A-42E0-48C7-BD00-7A8558C20643}"
EndProject
Project("{2150E333-8FDC-42A3-9474-1A3956D46DE8}") = "Code Analysis", "Code Analysis", "{EAEBF14F-2795-44A9-9ED5-FAA9CA1C525A}"
	ProjectSection(SolutionItems) = preProject
		Internal\Code Analysis\qaction-debug.ruleset = Internal\Code Analysis\qaction-debug.ruleset
		Internal\Code Analysis\qaction-release.ruleset = Internal\Code Analysis\qaction-release.ruleset
		Internal\Code Analysis\stylecop.json = Internal\Code Analysis\stylecop.json
	EndProjectSection
EndProject
Project("{9A19103F-16F7-4668-BE54-9A1E7A4F7556}") = "QAction_Helper", "QAction_Helper\QAction_Helper.csproj", "{38C6595C-0FCC-4692-AD86-4326E06AC0B3}"
EndProject
Project("{9A19103F-16F7-4668-BE54-9A1E7A4F7556}") = "QAction_1", "QAction_1\QAction_1.csproj", "{716F7A6D-B534-4BA5-94B1-78171A1D100A}"
EndProject
Project("{9A19103F-16F7-4668-BE54-9A1E7A4F7556}") = "QAction_2", "QAction_2\QAction_2.csproj", "{77215CB0-9679-447C-8CA3-F8B740DF4572}"
EndProject
Project("{9A19103F-16F7-4668-BE54-9A1E7A4F7556}") = "QAction_50", "QAction_50\QAction_50.csproj", "{FF4AD53B-75EE-4286-91FA-41E4A8F03D44}"
EndProject
Project("{9A19103F-16F7-4668-BE54-9A1E7A4F7556}") = "QAction_70", "QAction_70\QAction_70.csproj", "{0F40A9C8-3B82-47FC-80DE-4017BC07C2AF}"
EndProject
Project("{9A19103F-16F7-4668-BE54-9A1E7A4F7556}") = "QAction_104", "QAction_104\QAction_104.csproj", "{4FA20EB0-FEDF-4FBF-BB89-8DE45EA6B30B}"
EndProject
Project("{9A19103F-16F7-4668-BE54-9A1E7A4F7556}") = "QAction_80", "QAction_80\QAction_80.csproj", "{AB36902E-3782-4AEF-B8D5-C75595B994BB}"
EndProject
Project("{9A19103F-16F7-4668-BE54-9A1E7A4F7556}") = "QAction_90", "QAction_90\QAction_90.csproj", "{3311C85B-157C-4B48-9B29-A51A1EFD2293}"
EndProject
Project("{9A19103F-16F7-4668-BE54-9A1E7A4F7556}") = "QAction_40", "QAction_40\QAction_40.csproj", "{C7E57787-C546-4887-B6EF-53DA96BE7986}"
EndProject
Project("{9A19103F-16F7-4668-BE54-9A1E7A4F7556}") = "QAction_30", "QAction_30\QAction_30.csproj", "{7E9BB7E1-2324-43E5-9080-21AF6E42C4A5}"
EndProject
Project("{9A19103F-16F7-4668-BE54-9A1E7A4F7556}") = "QAction_92", "QAction_92\QAction_92.csproj", "{EC9F7495-B9D3-46E5-BD2B-C892A569D39D}"
EndProject
Global
	GlobalSection(SolutionConfigurationPlatforms) = preSolution
		Debug|Any CPU = Debug|Any CPU
		Release|Any CPU = Release|Any CPU
	EndGlobalSection
	GlobalSection(ProjectConfigurationPlatforms) = postSolution
		{38C6595C-0FCC-4692-AD86-4326E06AC0B3}.Debug|Any CPU.ActiveCfg = Debug|Any CPU
		{38C6595C-0FCC-4692-AD86-4326E06AC0B3}.Debug|Any CPU.Build.0 = Debug|Any CPU
		{38C6595C-0FCC-4692-AD86-4326E06AC0B3}.Release|Any CPU.ActiveCfg = Release|Any CPU
		{38C6595C-0FCC-4692-AD86-4326E06AC0B3}.Release|Any CPU.Build.0 = Release|Any CPU
		{716F7A6D-B534-4BA5-94B1-78171A1D100A}.Debug|Any CPU.ActiveCfg = Debug|Any CPU
		{716F7A6D-B534-4BA5-94B1-78171A1D100A}.Debug|Any CPU.Build.0 = Debug|Any CPU
		{716F7A6D-B534-4BA5-94B1-78171A1D100A}.Release|Any CPU.ActiveCfg = Release|Any CPU
		{716F7A6D-B534-4BA5-94B1-78171A1D100A}.Release|Any CPU.Build.0 = Release|Any CPU
		{77215CB0-9679-447C-8CA3-F8B740DF4572}.Debug|Any CPU.ActiveCfg = Debug|Any CPU
		{77215CB0-9679-447C-8CA3-F8B740DF4572}.Debug|Any CPU.Build.0 = Debug|Any CPU
		{77215CB0-9679-447C-8CA3-F8B740DF4572}.Release|Any CPU.ActiveCfg = Release|Any CPU
		{77215CB0-9679-447C-8CA3-F8B740DF4572}.Release|Any CPU.Build.0 = Release|Any CPU
		{FF4AD53B-75EE-4286-91FA-41E4A8F03D44}.Debug|Any CPU.ActiveCfg = Debug|Any CPU
		{FF4AD53B-75EE-4286-91FA-41E4A8F03D44}.Debug|Any CPU.Build.0 = Debug|Any CPU
		{FF4AD53B-75EE-4286-91FA-41E4A8F03D44}.Release|Any CPU.ActiveCfg = Release|Any CPU
		{FF4AD53B-75EE-4286-91FA-41E4A8F03D44}.Release|Any CPU.Build.0 = Release|Any CPU
		{0F40A9C8-3B82-47FC-80DE-4017BC07C2AF}.Debug|Any CPU.ActiveCfg = Debug|Any CPU
		{0F40A9C8-3B82-47FC-80DE-4017BC07C2AF}.Debug|Any CPU.Build.0 = Debug|Any CPU
		{0F40A9C8-3B82-47FC-80DE-4017BC07C2AF}.Release|Any CPU.ActiveCfg = Release|Any CPU
		{0F40A9C8-3B82-47FC-80DE-4017BC07C2AF}.Release|Any CPU.Build.0 = Release|Any CPU
		{4FA20EB0-FEDF-4FBF-BB89-8DE45EA6B30B}.Debug|Any CPU.ActiveCfg = Debug|Any CPU
		{4FA20EB0-FEDF-4FBF-BB89-8DE45EA6B30B}.Debug|Any CPU.Build.0 = Debug|Any CPU
		{4FA20EB0-FEDF-4FBF-BB89-8DE45EA6B30B}.Release|Any CPU.ActiveCfg = Release|Any CPU
		{4FA20EB0-FEDF-4FBF-BB89-8DE45EA6B30B}.Release|Any CPU.Build.0 = Release|Any CPU
		{AB36902E-3782-4AEF-B8D5-C75595B994BB}.Debug|Any CPU.ActiveCfg = Debug|Any CPU
		{AB36902E-3782-4AEF-B8D5-C75595B994BB}.Debug|Any CPU.Build.0 = Debug|Any CPU
		{AB36902E-3782-4AEF-B8D5-C75595B994BB}.Release|Any CPU.ActiveCfg = Release|Any CPU
		{AB36902E-3782-4AEF-B8D5-C75595B994BB}.Release|Any CPU.Build.0 = Release|Any CPU
		{3311C85B-157C-4B48-9B29-A51A1EFD2293}.Debug|Any CPU.ActiveCfg = Debug|Any CPU
		{3311C85B-157C-4B48-9B29-A51A1EFD2293}.Debug|Any CPU.Build.0 = Debug|Any CPU
		{3311C85B-157C-4B48-9B29-A51A1EFD2293}.Release|Any CPU.ActiveCfg = Release|Any CPU
		{3311C85B-157C-4B48-9B29-A51A1EFD2293}.Release|Any CPU.Build.0 = Release|Any CPU
		{C7E57787-C546-4887-B6EF-53DA96BE7986}.Debug|Any CPU.ActiveCfg = Debug|Any CPU
		{C7E57787-C546-4887-B6EF-53DA96BE7986}.Debug|Any CPU.Build.0 = Debug|Any CPU
		{C7E57787-C546-4887-B6EF-53DA96BE7986}.Release|Any CPU.ActiveCfg = Release|Any CPU
		{C7E57787-C546-4887-B6EF-53DA96BE7986}.Release|Any CPU.Build.0 = Release|Any CPU
		{7E9BB7E1-2324-43E5-9080-21AF6E42C4A5}.Debug|Any CPU.ActiveCfg = Debug|Any CPU
		{7E9BB7E1-2324-43E5-9080-21AF6E42C4A5}.Debug|Any CPU.Build.0 = Debug|Any CPU
		{7E9BB7E1-2324-43E5-9080-21AF6E42C4A5}.Release|Any CPU.ActiveCfg = Release|Any CPU
		{7E9BB7E1-2324-43E5-9080-21AF6E42C4A5}.Release|Any CPU.Build.0 = Release|Any CPU
		{EC9F7495-B9D3-46E5-BD2B-C892A569D39D}.Debug|Any CPU.ActiveCfg = Debug|Any CPU
		{EC9F7495-B9D3-46E5-BD2B-C892A569D39D}.Debug|Any CPU.Build.0 = Debug|Any CPU
		{EC9F7495-B9D3-46E5-BD2B-C892A569D39D}.Release|Any CPU.ActiveCfg = Release|Any CPU
		{EC9F7495-B9D3-46E5-BD2B-C892A569D39D}.Release|Any CPU.Build.0 = Release|Any CPU
	EndGlobalSection
	GlobalSection(SolutionProperties) = preSolution
		HideSolutionNode = FALSE
	EndGlobalSection
	GlobalSection(NestedProjects) = preSolution
		{EAEBF14F-2795-44A9-9ED5-FAA9CA1C525A} = {7B09DEE7-482E-4EA9-A8BA-3879161C7FA6}
		{38C6595C-0FCC-4692-AD86-4326E06AC0B3} = {7B09DEE7-482E-4EA9-A8BA-3879161C7FA6}
		{716F7A6D-B534-4BA5-94B1-78171A1D100A} = {CEF17C9A-3BE6-4D1D-977A-FAFF4707A1C7}
		{77215CB0-9679-447C-8CA3-F8B740DF4572} = {CEF17C9A-3BE6-4D1D-977A-FAFF4707A1C7}
		{FF4AD53B-75EE-4286-91FA-41E4A8F03D44} = {CEF17C9A-3BE6-4D1D-977A-FAFF4707A1C7}
		{0F40A9C8-3B82-47FC-80DE-4017BC07C2AF} = {CEF17C9A-3BE6-4D1D-977A-FAFF4707A1C7}
		{4FA20EB0-FEDF-4FBF-BB89-8DE45EA6B30B} = {CEF17C9A-3BE6-4D1D-977A-FAFF4707A1C7}
		{AB36902E-3782-4AEF-B8D5-C75595B994BB} = {CEF17C9A-3BE6-4D1D-977A-FAFF4707A1C7}
		{3311C85B-157C-4B48-9B29-A51A1EFD2293} = {CEF17C9A-3BE6-4D1D-977A-FAFF4707A1C7}
		{C7E57787-C546-4887-B6EF-53DA96BE7986} = {CEF17C9A-3BE6-4D1D-977A-FAFF4707A1C7}
		{7E9BB7E1-2324-43E5-9080-21AF6E42C4A5} = {CEF17C9A-3BE6-4D1D-977A-FAFF4707A1C7}
		{EC9F7495-B9D3-46E5-BD2B-C892A569D39D} = {CEF17C9A-3BE6-4D1D-977A-FAFF4707A1C7}
	EndGlobalSection
	GlobalSection(ExtensibilityGlobals) = postSolution
		SolutionGuid = {9C749236-3741-488B-B04A-F6CBF440E583}
	EndGlobalSection
EndGlobal
