
Microsoft Visual Studio Solution File, Format Version 12.00
# Visual Studio Version 17
VisualStudioVersion = 17.5.33502.453
MinimumVisualStudioVersion = 10.0.40219.1
Project("{2150E333-8FDC-42A3-9474-1A3956D46DE8}") = "Internal", "Internal", "{7B09DEE7-482E-4EA9-A8BA-3879161C7FA6}"
	ProjectSection(SolutionItems) = preProject
		Internal\.editorconfig = Internal\.editorconfig
	EndProjectSection
EndProject
Project("{2150E333-8FDC-42A3-9474-1A3956D46DE8}") = "QActions", "QActions", "{CEF17C9A-3BE6-4D1D-977A-FAFF4707A1C7}"
EndProject
Project("{2150E333-8FDC-42A3-9474-1A3956D46DE8}") = "Dlls", "Dlls", "{369E14E8-EEE2-470A-933A-DC21E0D55BFE}"
	ProjectSection(SolutionItems) = preProject
		Dlls\ABOUT.md = Dlls\ABOUT.md
	EndProjectSection
EndProject
Project("{2150E333-8FDC-42A3-9474-1A3956D46DE8}") = "DefaultTemplates", "DefaultTemplates", "{F2683535-3B81-4454-9E99-120E5016BBCE}"
	ProjectSection(SolutionItems) = preProject
		DefaultTemplates\ABOUT.md = DefaultTemplates\ABOUT.md
	EndProjectSection
EndProject
Project("{2150E333-8FDC-42A3-9474-1A3956D46DE8}") = "Documentation", "Documentation", "{9AF053D7-FAF1-4548-A6A2-C7949BA98BE3}"
	ProjectSection(SolutionItems) = preProject
		Documentation\ABOUT.md = Documentation\ABOUT.md
	EndProjectSection
EndProject
Project("{2150E333-8FDC-42A3-9474-1A3956D46DE8}") = "Solution Items", "Solution Items", "{C76DA54D-8C27-4963-8B98-750AD7EAAEE0}"
	ProjectSection(SolutionItems) = preProject
		protocol.xml = protocol.xml
	EndProjectSection
EndProject
Project("{2150E333-8FDC-42A3-9474-1A3956D46DE8}") = "Tests", "Tests", "{DB255F7A-42E0-48C7-BD00-7A8558C20643}"
EndProject
Project("{2150E333-8FDC-42A3-9474-1A3956D46DE8}") = "Code Analysis", "Code Analysis", "{EAEBF14F-2795-44A9-9ED5-FAA9CA1C525A}"
	ProjectSection(SolutionItems) = preProject
		Internal\Code Analysis\qaction-debug.ruleset = Internal\Code Analysis\qaction-debug.ruleset
		Internal\Code Analysis\qaction-release.ruleset = Internal\Code Analysis\qaction-release.ruleset
		Internal\Code Analysis\stylecop.json = Internal\Code Analysis\stylecop.json
	EndProjectSection
EndProject
Project("{9A19103F-16F7-4668-BE54-9A1E7A4F7556}") = "QAction_Helper", "QAction_Helper\QAction_Helper.csproj", "{38C6595C-0FCC-4692-AD86-4326E06AC0B3}"
EndProject
Project("{9A19103F-16F7-4668-BE54-9A1E7A4F7556}") = "QAction_1", "QAction_1\QAction_1.csproj", "{716F7A6D-B534-4BA5-94B1-78171A1D100A}"
EndProject
Project("{9A19103F-16F7-4668-BE54-9A1E7A4F7556}") = "QAction_2", "QAction_2\QAction_2.csproj", "{77215CB0-9679-447C-8CA3-F8B740DF4572}"
EndProject
Project("{9A19103F-16F7-4668-BE54-9A1E7A4F7556}") = "QAction_10", "QAction_10\QAction_10.csproj", "{65A4BCB3-EF10-4274-A000-E97F6DC3E6F6}"
EndProject
Global
	GlobalSection(SolutionConfigurationPlatforms) = preSolution
		Debug|Any CPU = Debug|Any CPU
		Release|Any CPU = Release|Any CPU
	EndGlobalSection
	GlobalSection(ProjectConfigurationPlatforms) = postSolution
		{38C6595C-0FCC-4692-AD86-4326E06AC0B3}.Debug|Any CPU.ActiveCfg = Debug|Any CPU
		{38C6595C-0FCC-4692-AD86-4326E06AC0B3}.Debug|Any CPU.Build.0 = Debug|Any CPU
		{38C6595C-0FCC-4692-AD86-4326E06AC0B3}.Release|Any CPU.ActiveCfg = Release|Any CPU
		{38C6595C-0FCC-4692-AD86-4326E06AC0B3}.Release|Any CPU.Build.0 = Release|Any CPU
		{716F7A6D-B534-4BA5-94B1-78171A1D100A}.Debug|Any CPU.ActiveCfg = Debug|Any CPU
		{716F7A6D-B534-4BA5-94B1-78171A1D100A}.Debug|Any CPU.Build.0 = Debug|Any CPU
		{716F7A6D-B534-4BA5-94B1-78171A1D100A}.Release|Any CPU.ActiveCfg = Release|Any CPU
		{716F7A6D-B534-4BA5-94B1-78171A1D100A}.Release|Any CPU.Build.0 = Release|Any CPU
		{77215CB0-9679-447C-8CA3-F8B740DF4572}.Debug|Any CPU.ActiveCfg = Debug|Any CPU
		{77215CB0-9679-447C-8CA3-F8B740DF4572}.Debug|Any CPU.Build.0 = Debug|Any CPU
		{77215CB0-9679-447C-8CA3-F8B740DF4572}.Release|Any CPU.ActiveCfg = Release|Any CPU
		{77215CB0-9679-447C-8CA3-F8B740DF4572}.Release|Any CPU.Build.0 = Release|Any CPU
		{65A4BCB3-EF10-4274-A000-E97F6DC3E6F6}.Debug|Any CPU.ActiveCfg = Debug|Any CPU
		{65A4BCB3-EF10-4274-A000-E97F6DC3E6F6}.Debug|Any CPU.Build.0 = Debug|Any CPU
		{65A4BCB3-EF10-4274-A000-E97F6DC3E6F6}.Release|Any CPU.ActiveCfg = Release|Any CPU
		{65A4BCB3-EF10-4274-A000-E97F6DC3E6F6}.Release|Any CPU.Build.0 = Release|Any CPU
	EndGlobalSection
	GlobalSection(SolutionProperties) = preSolution
		HideSolutionNode = FALSE
	EndGlobalSection
	GlobalSection(NestedProjects) = preSolution
		{EAEBF14F-2795-44A9-9ED5-FAA9CA1C525A} = {7B09DEE7-482E-4EA9-A8BA-3879161C7FA6}
		{38C6595C-0FCC-4692-AD86-4326E06AC0B3} = {7B09DEE7-482E-4EA9-A8BA-3879161C7FA6}
		{716F7A6D-B534-4BA5-94B1-78171A1D100A} = {CEF17C9A-3BE6-4D1D-977A-FAFF4707A1C7}
		{77215CB0-9679-447C-8CA3-F8B740DF4572} = {CEF17C9A-3BE6-4D1D-977A-FAFF4707A1C7}
		{65A4BCB3-EF10-4274-A000-E97F6DC3E6F6} = {CEF17C9A-3BE6-4D1D-977A-FAFF4707A1C7}
	EndGlobalSection
	GlobalSection(ExtensibilityGlobals) = postSolution
		SolutionGuid = {9C749236-3741-488B-B04A-F6CBF440E583}
	EndGlobalSection
EndGlobal
